
Microsoft Visual Studio Solution File, Format Version 12.00
# Visual Studio Version 16
VisualStudioVersion = 16.0.30204.135
MinimumVisualStudioVersion = 10.0.40219.1
Project("{FAE04EC0-301F-11D3-BF4B-00C04F79EFBC}") = "AngularTraining", "AngularTraining.csproj", "{71DB0761-7D87-4A0C-B19B-BDD8B0E5484E}"
EndProject
Global
	GlobalSection(SolutionConfigurationPlatforms) = preSolution
		Debug|Any CPU = Debug|Any CPU
		Release|Any CPU = Release|Any CPU
	EndGlobalSection
	GlobalSection(ProjectConfigurationPlatforms) = postSolution
		{71DB0761-7D87-4A0C-B19B-BDD8B0E5484E}.Debug|Any CPU.ActiveCfg = Debug|Any CPU
		{71DB0761-7D87-4A0C-B19B-BDD8B0E5484E}.Debug|Any CPU.Build.0 = Debug|Any CPU
		{71DB0761-7D87-4A0C-B19B-BDD8B0E5484E}.Release|Any CPU.ActiveCfg = Release|Any CPU
		{71DB0761-7D87-4A0C-B19B-BDD8B0E5484E}.Release|Any CPU.Build.0 = Release|Any CPU
	EndGlobalSection
	GlobalSection(SolutionProperties) = preSolution
		HideSolutionNode = FALSE
	EndGlobalSection
	GlobalSection(ExtensibilityGlobals) = postSolution
		SolutionGuid = {400335E5-B9C7-4E48-88CE-9A47177E9666}
	EndGlobalSection
EndGlobal
